// !$*UTF8*$!
{
	archiveVersion = 1;
	classes = {
	};
	objectVersion = 54;
	objects = {

/* Begin PBXBuildFile section */
		6FBC85AD26C6104D00D36D8E /* AppDelegate.swift in Sources */ = {isa = PBXBuildFile; fileRef = 6FBC85AC26C6104D00D36D8E /* AppDelegate.swift */; };
		6FBC85AF26C6104D00D36D8E /* SceneDelegate.swift in Sources */ = {isa = PBXBuildFile; fileRef = 6FBC85AE26C6104D00D36D8E /* SceneDelegate.swift */; };
		6FBC85B126C6104D00D36D8E /* ViewController.swift in Sources */ = {isa = PBXBuildFile; fileRef = 6FBC85B026C6104D00D36D8E /* ViewController.swift */; };
		6FBC85B426C6104D00D36D8E /* Main.storyboard in Resources */ = {isa = PBXBuildFile; fileRef = 6FBC85B226C6104D00D36D8E /* Main.storyboard */; };
		6FBC85B626C6104F00D36D8E /* Assets.xcassets in Resources */ = {isa = PBXBuildFile; fileRef = 6FBC85B526C6104F00D36D8E /* Assets.xcassets */; };
		6FBC85B926C6104F00D36D8E /* LaunchScreen.storyboard in Resources */ = {isa = PBXBuildFile; fileRef = 6FBC85B726C6104F00D36D8E /* LaunchScreen.storyboard */; };
		6FBC85C126C610DE00D36D8E /* README.md in Resources */ = {isa = PBXBuildFile; fileRef = 6FBC85C026C610DE00D36D8E /* README.md */; };
/* End PBXBuildFile section */

/* Begin PBXFileReference section */
		6FBC85A926C6104D00D36D8E /* swift-008-tutsplus_beginners.app */ = {isa = PBXFileReference; explicitFileType = wrapper.application; includeInIndex = 0; path = "swift-008-tutsplus_beginners.app"; sourceTree = BUILT_PRODUCTS_DIR; };
		6FBC85AC26C6104D00D36D8E /* AppDelegate.swift */ = {isa = PBXFileReference; lastKnownFileType = sourcecode.swift; path = AppDelegate.swift; sourceTree = "<group>"; };
		6FBC85AE26C6104D00D36D8E /* SceneDelegate.swift */ = {isa = PBXFileReference; lastKnownFileType = sourcecode.swift; path = SceneDelegate.swift; sourceTree = "<group>"; };
		6FBC85B026C6104D00D36D8E /* ViewController.swift */ = {isa = PBXFileReference; lastKnownFileType = sourcecode.swift; path = ViewController.swift; sourceTree = "<group>"; };
		6FBC85B326C6104D00D36D8E /* Base */ = {isa = PBXFileReference; lastKnownFileType = file.storyboard; name = Base; path = Base.lproj/Main.storyboard; sourceTree = "<group>"; };
		6FBC85B526C6104F00D36D8E /* Assets.xcassets */ = {isa = PBXFileReference; lastKnownFileType = folder.assetcatalog; path = Assets.xcassets; sourceTree = "<group>"; };
		6FBC85B826C6104F00D36D8E /* Base */ = {isa = PBXFileReference; lastKnownFileType = file.storyboard; name = Base; path = Base.lproj/LaunchScreen.storyboard; sourceTree = "<group>"; };
		6FBC85BA26C6104F00D36D8E /* Info.plist */ = {isa = PBXFileReference; lastKnownFileType = text.plist.xml; path = Info.plist; sourceTree = "<group>"; };
		6FBC85C026C610DE00D36D8E /* README.md */ = {isa = PBXFileReference; lastKnownFileType = net.daringfireball.markdown; path = README.md; sourceTree = "<group>"; };
/* End PBXFileReference section */

/* Begin PBXFrameworksBuildPhase section */
		6FBC85A626C6104D00D36D8E /* Frameworks */ = {
			isa = PBXFrameworksBuildPhase;
			buildActionMask = 2147483647;
			files = (
			);
			runOnlyForDeploymentPostprocessing = 0;
		};
/* End PBXFrameworksBuildPhase section */

/* Begin PBXGroup section */
		6FBC85A026C6104D00D36D8E = {
			isa = PBXGroup;
			children = (
				6FBC85C026C610DE00D36D8E /* README.md */,
				6FBC85AB26C6104D00D36D8E /* swift-008-tutsplus_beginners */,
				6FBC85AA26C6104D00D36D8E /* Products */,
			);
			sourceTree = "<group>";
		};
		6FBC85AA26C6104D00D36D8E /* Products */ = {
			isa = PBXGroup;
			children = (
				6FBC85A926C6104D00D36D8E /* swift-008-tutsplus_beginners.app */,
			);
			name = Products;
			sourceTree = "<group>";
		};
		6FBC85AB26C6104D00D36D8E /* swift-008-tutsplus_beginners */ = {
			isa = PBXGroup;
			children = (
				6FBC85AC26C6104D00D36D8E /* AppDelegate.swift */,
				6FBC85AE26C6104D00D36D8E /* SceneDelegate.swift */,
				6FBC85B026C6104D00D36D8E /* ViewController.swift */,
				6FBC85B226C6104D00D36D8E /* Main.storyboard */,
				6FBC85B526C6104F00D36D8E /* Assets.xcassets */,
				6FBC85B726C6104F00D36D8E /* LaunchScreen.storyboard */,
				6FBC85BA26C6104F00D36D8E /* Info.plist */,
			);
			path = "swift-008-tutsplus_beginners";
			sourceTree = "<group>";
		};
/* End PBXGroup section */

/* Begin PBXNativeTarget section */
		6FBC85A826C6104D00D36D8E /* swift-008-tutsplus_beginners */ = {
			isa = PBXNativeTarget;
			buildConfigurationList = 6FBC85BD26C6104F00D36D8E /* Build configuration list for PBXNativeTarget "swift-008-tutsplus_beginners" */;
			buildPhases = (
				6FBC85A526C6104D00D36D8E /* Sources */,
				6FBC85A626C6104D00D36D8E /* Frameworks */,
				6FBC85A726C6104D00D36D8E /* Resources */,
			);
			buildRules = (
			);
			dependencies = (
			);
			name = "swift-008-tutsplus_beginners";
			productName = "swift-008-tutsplus_beginners";
			productReference = 6FBC85A926C6104D00D36D8E /* swift-008-tutsplus_beginners.app */;
			productType = "com.apple.product-type.application";
		};
/* End PBXNativeTarget section */

/* Begin PBXProject section */
		6FBC85A126C6104D00D36D8E /* Project object */ = {
			isa = PBXProject;
			attributes = {
				BuildIndependentTargetsInParallel = 1;
				LastSwiftUpdateCheck = 1300;
				LastUpgradeCheck = 1300;
				TargetAttributes = {
					6FBC85A826C6104D00D36D8E = {
						CreatedOnToolsVersion = 13.0;
					};
				};
			};
			buildConfigurationList = 6FBC85A426C6104D00D36D8E /* Build configuration list for PBXProject "swift-008-tutsplus_beginners" */;
			compatibilityVersion = "Xcode 12.0";
			developmentRegion = en;
			hasScannedForEncodings = 0;
			knownRegions = (
				en,
				Base,
			);
			mainGroup = 6FBC85A026C6104D00D36D8E;
			productRefGroup = 6FBC85AA26C6104D00D36D8E /* Products */;
			projectDirPath = "";
			projectRoot = "";
			targets = (
				6FBC85A826C6104D00D36D8E /* swift-008-tutsplus_beginners */,
			);
		};
/* End PBXProject section */

/* Begin PBXResourcesBuildPhase section */
		6FBC85A726C6104D00D36D8E /* Resources */ = {
			isa = PBXResourcesBuildPhase;
			buildActionMask = 2147483647;
			files = (
				6FBC85B926C6104F00D36D8E /* LaunchScreen.storyboard in Resources */,
				6FBC85B626C6104F00D36D8E /* Assets.xcassets in Resources */,
				6FBC85C126C610DE00D36D8E /* README.md in Resources */,
				6FBC85B426C6104D00D36D8E /* Main.storyboard in Resources */,
			);
			runOnlyForDeploymentPostprocessing = 0;
		};
/* End PBXResourcesBuildPhase section */

/* Begin PBXSourcesBuildPhase section */
		6FBC85A526C6104D00D36D8E /* Sources */ = {
			isa = PBXSourcesBuildPhase;
			buildActionMask = 2147483647;
			files = (
				6FBC85B126C6104D00D36D8E /* ViewController.swift in Sources */,
				6FBC85AD26C6104D00D36D8E /* AppDelegate.swift in Sources */,
				6FBC85AF26C6104D00D36D8E /* SceneDelegate.swift in Sources */,
			);
			runOnlyForDeploymentPostprocessing = 0;
		};
/* End PBXSourcesBuildPhase section */

/* Begin PBXVariantGroup section */
		6FBC85B226C6104D00D36D8E /* Main.storyboard */ = {
			isa = PBXVariantGroup;
			children = (
				6FBC85B326C6104D00D36D8E /* Base */,
			);
			name = Main.storyboard;
			sourceTree = "<group>";
		};
		6FBC85B726C6104F00D36D8E /* LaunchScreen.storyboard */ = {
			isa = PBXVariantGroup;
			children = (
				6FBC85B826C6104F00D36D8E /* Base */,
			);
			name = LaunchScreen.storyboard;
			sourceTree = "<group>";
		};
/* End PBXVariantGroup section */

/* Begin XCBuildConfiguration section */
		6FBC85BB26C6104F00D36D8E /* Debug */ = {
			isa = XCBuildConfiguration;
			buildSettings = {
				ALWAYS_SEARCH_USER_PATHS = NO;
				CLANG_ANALYZER_NONNULL = YES;
				CLANG_ANALYZER_NUMBER_OBJECT_CONVERSION = YES_AGGRESSIVE;
				CLANG_CXX_LANGUAGE_STANDARD = "gnu++14";
				CLANG_CXX_LIBRARY = "libc++";
				CLANG_ENABLE_MODULES = YES;
				CLANG_ENABLE_OBJC_ARC = YES;
				CLANG_ENABLE_OBJC_WEAK = YES;
				CLANG_WARN_BLOCK_CAPTURE_AUTORELEASING = YES;
				CLANG_WARN_BOOL_CONVERSION = YES;
				CLANG_WARN_COMMA = YES;
				CLANG_WARN_CONSTANT_CONVERSION = YES;
				CLANG_WARN_DEPRECATED_OBJC_IMPLEMENTATIONS = YES;
				CLANG_WARN_DIRECT_OBJC_ISA_USAGE = YES_ERROR;
				CLANG_WARN_DOCUMENTATION_COMMENTS = YES;
				CLANG_WARN_EMPTY_BODY = YES;
				CLANG_WARN_ENUM_CONVERSION = YES;
				CLANG_WARN_INFINITE_RECURSION = YES;
				CLANG_WARN_INT_CONVERSION = YES;
				CLANG_WARN_NON_LITERAL_NULL_CONVERSION = YES;
				CLANG_WARN_OBJC_IMPLICIT_RETAIN_SELF = YES;
				CLANG_WARN_OBJC_LITERAL_CONVERSION = YES;
				CLANG_WARN_OBJC_ROOT_CLASS = YES_ERROR;
				CLANG_WARN_QUOTED_INCLUDE_IN_FRAMEWORK_HEADER = YES;
				CLANG_WARN_RANGE_LOOP_ANALYSIS = YES;
				CLANG_WARN_STRICT_PROTOTYPES = YES;
				CLANG_WARN_SUSPICIOUS_MOVE = YES;
				CLANG_WARN_UNGUARDED_AVAILABILITY = YES_AGGRESSIVE;
				CLANG_WARN_UNREACHABLE_CODE = YES;
				CLANG_WARN__DUPLICATE_METHOD_MATCH = YES;
				COPY_PHASE_STRIP = NO;
				DEBUG_INFORMATION_FORMAT = dwarf;
				ENABLE_STRICT_OBJC_MSGSEND = YES;
				ENABLE_TESTABILITY = YES;
				GCC_C_LANGUAGE_STANDARD = gnu11;
				GCC_DYNAMIC_NO_PIC = NO;
				GCC_NO_COMMON_BLOCKS = YES;
				GCC_OPTIMIZATION_LEVEL = 0;
				GCC_PREPROCESSOR_DEFINITIONS = (
					"DEBUG=1",
					"$(inherited)",
				);
				GCC_WARN_64_TO_32_BIT_CONVERSION = YES;
				GCC_WARN_ABOUT_RETURN_TYPE = YES_ERROR;
				GCC_WARN_UNDECLARED_SELECTOR = YES;
				GCC_WARN_UNINITIALIZED_AUTOS = YES_AGGRESSIVE;
				GCC_WARN_UNUSED_FUNCTION = YES;
				GCC_WARN_UNUSED_VARIABLE = YES;
				IPHONEOS_DEPLOYMENT_TARGET = 15.0;
				MTL_ENABLE_DEBUG_INFO = INCLUDE_SOURCE;
				MTL_FAST_MATH = YES;
				ONLY_ACTIVE_ARCH = YES;
				SDKROOT = iphoneos;
				SWIFT_ACTIVE_COMPILATION_CONDITIONS = DEBUG;
				SWIFT_OPTIMIZATION_LEVEL = "-Onone";
			};
			name = Debug;
		};
		6FBC85BC26C6104F00D36D8E /* Release */ = {
			isa = XCBuildConfiguration;
			buildSettings = {
				ALWAYS_SEARCH_USER_PATHS = NO;
				CLANG_ANALYZER_NONNULL = YES;
				CLANG_ANALYZER_NUMBER_OBJECT_CONVERSION = YES_AGGRESSIVE;
				CLANG_CXX_LANGUAGE_STANDARD = "gnu++14";
				CLANG_CXX_LIBRARY = "libc++";
				CLANG_ENABLE_MODULES = YES;
				CLANG_ENABLE_OBJC_ARC = YES;
				CLANG_ENABLE_OBJC_WEAK = YES;
				CLANG_WARN_BLOCK_CAPTURE_AUTORELEASING = YES;
				CLANG_WARN_BOOL_CONVERSION = YES;
				CLANG_WARN_COMMA = YES;
				CLANG_WARN_CONSTANT_CONVERSION = YES;
				CLANG_WARN_DEPRECATED_OBJC_IMPLEMENTATIONS = YES;
				CLANG_WARN_DIRECT_OBJC_ISA_USAGE = YES_ERROR;
				CLANG_WARN_DOCUMENTATION_COMMENTS = YES;
				CLANG_WARN_EMPTY_BODY = YES;
				CLANG_WARN_ENUM_CONVERSION = YES;
				CLANG_WARN_INFINITE_RECURSION = YES;
				CLANG_WARN_INT_CONVERSION = YES;
				CLANG_WARN_NON_LITERAL_NULL_CONVERSION = YES;
				CLANG_WARN_OBJC_IMPLICIT_RETAIN_SELF = YES;
				CLANG_WARN_OBJC_LITERAL_CONVERSION = YES;
				CLANG_WARN_OBJC_ROOT_CLASS = YES_ERROR;
				CLANG_WARN_QUOTED_INCLUDE_IN_FRAMEWORK_HEADER = YES;
				CLANG_WARN_RANGE_LOOP_ANALYSIS = YES;
				CLANG_WARN_STRICT_PROTOTYPES = YES;
				CLANG_WARN_SUSPICIOUS_MOVE = YES;
				CLANG_WARN_UNGUARDED_AVAILABILITY = YES_AGGRESSIVE;
				CLANG_WARN_UNREACHABLE_CODE = YES;
				CLANG_WARN__DUPLICATE_METHOD_MATCH = YES;
				COPY_PHASE_STRIP = NO;
				DEBUG_INFORMATION_FORMAT = "dwarf-with-dsym";
				ENABLE_NS_ASSERTIONS = NO;
				ENABLE_STRICT_OBJC_MSGSEND = YES;
				GCC_C_LANGUAGE_STANDARD = gnu11;
				GCC_NO_COMMON_BLOCKS = YES;
				GCC_WARN_64_TO_32_BIT_CONVERSION = YES;
				GCC_WARN_ABOUT_RETURN_TYPE = YES_ERROR;
				GCC_WARN_UNDECLARED_SELECTOR = YES;
				GCC_WARN_UNINITIALIZED_AUTOS = YES_AGGRESSIVE;
				GCC_WARN_UNUSED_FUNCTION = YES;
				GCC_WARN_UNUSED_VARIABLE = YES;
				IPHONEOS_DEPLOYMENT_TARGET = 15.0;
				MTL_ENABLE_DEBUG_INFO = NO;
				MTL_FAST_MATH = YES;
				SDKROOT = iphoneos;
				SWIFT_COMPILATION_MODE = wholemodule;
				SWIFT_OPTIMIZATION_LEVEL = "-O";
				VALIDATE_PRODUCT = YES;
			};
			name = Release;
		};
		6FBC85BE26C6104F00D36D8E /* Debug */ = {
			isa = XCBuildConfiguration;
			buildSettings = {
				ASSETCATALOG_COMPILER_APPICON_NAME = AppIcon;
				ASSETCATALOG_COMPILER_GLOBAL_ACCENT_COLOR_NAME = AccentColor;
				CODE_SIGN_STYLE = Automatic;
				CURRENT_PROJECT_VERSION = 1;
				DEVELOPMENT_TEAM = K328B98U3F;
				GENERATE_INFOPLIST_FILE = YES;
				INFOPLIST_FILE = "swift-008-tutsplus_beginners/Info.plist";
				INFOPLIST_KEY_CFBundleDisplayName = "Begin Tutsplus";
				INFOPLIST_KEY_CFBundleExecutable = "swift-008-tutsplus_beginners";
				INFOPLIST_KEY_CFBundleName = "swift-008-tutsplus_beginners";
				INFOPLIST_KEY_CFBundleVersion = 1;
				INFOPLIST_KEY_UIApplicationSupportsIndirectInputEvents = YES;
				INFOPLIST_KEY_UILaunchStoryboardName = LaunchScreen;
				INFOPLIST_KEY_UIMainStoryboardFile = Main;
				INFOPLIST_KEY_UISupportedInterfaceOrientations_iPad = "UIInterfaceOrientationPortrait UIInterfaceOrientationPortraitUpsideDown UIInterfaceOrientationLandscapeLeft UIInterfaceOrientationLandscapeRight";
				INFOPLIST_KEY_UISupportedInterfaceOrientations_iPhone = "UIInterfaceOrientationPortrait UIInterfaceOrientationLandscapeLeft UIInterfaceOrientationLandscapeRight";
				IPHONEOS_DEPLOYMENT_TARGET = 14.1;
				LD_RUNPATH_SEARCH_PATHS = (
					"$(inherited)",
					"@executable_path/Frameworks",
				);
				MARKETING_VERSION = 1.0;
				PRODUCT_BUNDLE_IDENTIFIER = "luizcarlos.sa.swift-008-tutsplus-beginners";
				PRODUCT_NAME = "$(TARGET_NAME)";
				SWIFT_EMIT_LOC_STRINGS = YES;
				SWIFT_VERSION = 5.0;
				TARGETED_DEVICE_FAMILY = 1;
			};
			name = Debug;
		};
		6FBC85BF26C6104F00D36D8E /* Release */ = {
			isa = XCBuildConfiguration;
			buildSettings = {
				ASSETCATALOG_COMPILER_APPICON_NAME = AppIcon;
				ASSETCATALOG_COMPILER_GLOBAL_ACCENT_COLOR_NAME = AccentColor;
				CODE_SIGN_STYLE = Automatic;
				CURRENT_PROJECT_VERSION = 1;
				DEVELOPMENT_TEAM = K328B98U3F;
				GENERATE_INFOPLIST_FILE = YES;
				INFOPLIST_FILE = "swift-008-tutsplus_beginners/Info.plist";
				INFOPLIST_KEY_CFBundleDisplayName = "Begin Tutsplus";
				INFOPLIST_KEY_CFBundleExecutable = "swift-008-tutsplus_beginners";
				INFOPLIST_KEY_CFBundleName = "swift-008-tutsplus_beginners";
				INFOPLIST_KEY_CFBundleVersion = 1;
				INFOPLIST_KEY_UIApplicationSupportsIndirectInputEvents = YES;
				INFOPLIST_KEY_UILaunchStoryboardName = LaunchScreen;
				INFOPLIST_KEY_UIMainStoryboardFile = Main;
				INFOPLIST_KEY_UISupportedInterfaceOrientations_iPad = "UIInterfaceOrientationPortrait UIInterfaceOrientationPortraitUpsideDown UIInterfaceOrientationLandscapeLeft UIInterfaceOrientationLandscapeRight";
				INFOPLIST_KEY_UISupportedInterfaceOrientations_iPhone = "UIInterfaceOrientationPortrait UIInterfaceOrientationLandscapeLeft UIInterfaceOrientationLandscapeRight";
				IPHONEOS_DEPLOYMENT_TARGET = 14.1;
				LD_RUNPATH_SEARCH_PATHS = (
					"$(inherited)",
					"@executable_path/Frameworks",
				);
				MARKETING_VERSION = 1.0;
				PRODUCT_BUNDLE_IDENTIFIER = "luizcarlos.sa.swift-008-tutsplus-beginners";
				PRODUCT_NAME = "$(TARGET_NAME)";
				SWIFT_EMIT_LOC_STRINGS = YES;
				SWIFT_VERSION = 5.0;
				TARGETED_DEVICE_FAMILY = 1;
			};
			name = Release;
		};
/* End XCBuildConfiguration section */

/* Begin XCConfigurationList section */
		6FBC85A426C6104D00D36D8E /* Build configuration list for PBXProject "swift-008-tutsplus_beginners" */ = {
			isa = XCConfigurationList;
			buildConfigurations = (
				6FBC85BB26C6104F00D36D8E /* Debug */,
				6FBC85BC26C6104F00D36D8E /* Release */,
			);
			defaultConfigurationIsVisible = 0;
			defaultConfigurationName = Release;
		};
		6FBC85BD26C6104F00D36D8E /* Build configuration list for PBXNativeTarget "swift-008-tutsplus_beginners" */ = {
			isa = XCConfigurationList;
			buildConfigurations = (
				6FBC85BE26C6104F00D36D8E /* Debug */,
				6FBC85BF26C6104F00D36D8E /* Release */,
			);
			defaultConfigurationIsVisible = 0;
			defaultConfigurationName = Release;
		};
/* End XCConfigurationList section */
	};
	rootObject = 6FBC85A126C6104D00D36D8E /* Project object */;
}
